
Microsoft Visual Studio Solution File, Format Version 12.00
# Visual Studio Version 17
VisualStudioVersion = 17.9.34723.18
MinimumVisualStudioVersion = 10.0.40219.1
Project("{FAE04EC0-301F-11D3-BF4B-00C04F79EFBC}") = "VHS.Gui", "VHS.Gui\VHS.Gui.csproj", "{58DBCD76-0676-4F6A-ACF6-6F0FE1A2C76F}"
EndProject
Project("{FAE04EC0-301F-11D3-BF4B-00C04F79EFBC}") = "VHS.Core", "VHS.Core\VHS.Core.csproj", "{D5B016E7-50C8-4ED8-89BF-793343F6F2D1}"
EndProject
Project("{FAE04EC0-301F-11D3-BF4B-00C04F79EFBC}") = "VHS.Data", "VHS.Data\VHS.Data.csproj", "{F5039D14-5FB2-48C0-B391-DF5518BFD43A}"
EndProject
Global
	GlobalSection(SolutionConfigurationPlatforms) = preSolution
		Debug|Any CPU = Debug|Any CPU
		Release|Any CPU = Release|Any CPU
	EndGlobalSection
	GlobalSection(ProjectConfigurationPlatforms) = postSolution
		{58DBCD76-0676-4F6A-ACF6-6F0FE1A2C76F}.Debug|Any CPU.ActiveCfg = Debug|Any CPU
		{58DBCD76-0676-4F6A-ACF6-6F0FE1A2C76F}.Debug|Any CPU.Build.0 = Debug|Any CPU
		{58DBCD76-0676-4F6A-ACF6-6F0FE1A2C76F}.Release|Any CPU.ActiveCfg = Release|Any CPU
		{58DBCD76-0676-4F6A-ACF6-6F0FE1A2C76F}.Release|Any CPU.Build.0 = Release|Any CPU
		{D5B016E7-50C8-4ED8-89BF-793343F6F2D1}.Debug|Any CPU.ActiveCfg = Debug|Any CPU
		{D5B016E7-50C8-4ED8-89BF-793343F6F2D1}.Debug|Any CPU.Build.0 = Debug|Any CPU
		{D5B016E7-50C8-4ED8-89BF-793343F6F2D1}.Release|Any CPU.ActiveCfg = Release|Any CPU
		{D5B016E7-50C8-4ED8-89BF-793343F6F2D1}.Release|Any CPU.Build.0 = Release|Any CPU
		{F5039D14-5FB2-48C0-B391-DF5518BFD43A}.Debug|Any CPU.ActiveCfg = Debug|Any CPU
		{F5039D14-5FB2-48C0-B391-DF5518BFD43A}.Debug|Any CPU.Build.0 = Debug|Any CPU
		{F5039D14-5FB2-48C0-B391-DF5518BFD43A}.Release|Any CPU.ActiveCfg = Release|Any CPU
		{F5039D14-5FB2-48C0-B391-DF5518BFD43A}.Release|Any CPU.Build.0 = Release|Any CPU
	EndGlobalSection
	GlobalSection(SolutionProperties) = preSolution
		HideSolutionNode = FALSE
	EndGlobalSection
	GlobalSection(ExtensibilityGlobals) = postSolution
		SolutionGuid = {5558C2DC-81EB-4BD5-AD9C-3F9A06D9BF8A}
	EndGlobalSection
EndGlobal
